{
  "version": 4,
  "terraform_version": "0.12.20",
  "serial": 13,
  "lineage": "388ebc02-e3de-e5dd-bbfa-e1543a0b54e3",
  "outputs": {},
  "resources": [
    {
      "module": "module.backend",
      "mode": "data",
      "type": "aws_iam_user",
      "name": "operators",
      "each": "list",
      "provider": "module.backend.provider.aws",
      "instances": [
        {
          "index_key": 0,
          "schema_version": 0,
          "attributes": {
            "arn": "arn:aws:iam::329054710135:user/natanb",
            "id": "AIDAUZHJQNF3QZVKAYNL4",
            "path": "/",
            "permissions_boundary": "",
            "user_id": "AIDAUZHJQNF3QZVKAYNL4",
            "user_name": "natanb"
          }
        }
      ]
    },
    {
      "module": "module.backend",
      "mode": "data",
      "type": "template_file",
      "name": "operator_arn",
      "each": "list",
      "provider": "provider.template",
      "instances": [
        {
          "index_key": 0,
          "schema_version": 0,
          "attributes": {
            "filename": null,
            "id": "bb007c4230490111f1943952650e421121f46e849c635dc304354380eac79638",
            "rendered": "\"arn:aws:iam::329054710135:user/natanb\"",
            "template": "\"${arn}\"",
            "vars": {
              "arn": "arn:aws:iam::329054710135:user/natanb"
            }
          }
        }
      ]
    },
    {
      "module": "module.backend",
      "mode": "data",
      "type": "template_file",
      "name": "terraform_state_policy",
      "each": "list",
      "provider": "provider.template",
      "instances": []
    },
    {
      "module": "module.backend",
      "mode": "managed",
      "type": "aws_dynamodb_table",
      "name": "terraform_statelock",
      "each": "list",
      "provider": "module.backend.provider.aws",
      "instances": [
        {
          "index_key": 0,
          "schema_version": 1,
          "attributes": {
            "arn": "arn:aws:dynamodb:eu-central-1:329054710135:table/NatanTerraformStatelock",
            "attribute": [
              {
                "name": "LockID",
                "type": "S"
              }
            ],
            "billing_mode": "PROVISIONED",
            "global_secondary_index": [],
            "hash_key": "LockID",
            "id": "NatanTerraformStatelock",
            "local_secondary_index": [],
            "name": "NatanTerraformStatelock",
            "point_in_time_recovery": [
              {
                "enabled": false
              }
            ],
            "range_key": null,
            "read_capacity": 1,
            "server_side_encryption": [],
            "stream_arn": "",
            "stream_enabled": false,
            "stream_label": "",
            "stream_view_type": "",
            "tags": {
              "Origin": "Terraform"
            },
            "timeouts": null,
            "ttl": [
              {
                "attribute_name": "",
                "enabled": false
              }
            ],
            "write_capacity": 1
          },
          "private": "eyJlMmJmYjczMC1lY2FhLTExZTYtOGY4OC0zNDM2M2JjN2M0YzAiOnsiY3JlYXRlIjo2MDAwMDAwMDAwMDAsImRlbGV0ZSI6NjAwMDAwMDAwMDAwLCJ1cGRhdGUiOjM2MDAwMDAwMDAwMDB9LCJzY2hlbWFfdmVyc2lvbiI6IjEifQ=="
        }
      ]
    },
    {
      "module": "module.backend",
      "mode": "managed",
      "type": "aws_kms_key",
      "name": "tf_enc_key",
      "each": "list",
      "provider": "module.backend.provider.aws",
      "instances": [
        {
          "index_key": 0,
          "schema_version": 0,
          "attributes": {
            "arn": "arn:aws:kms:eu-central-1:329054710135:key/5f7069d0-3066-44a6-ba3c-93d1830a5c68",
            "customer_master_key_spec": "SYMMETRIC_DEFAULT",
            "deletion_window_in_days": 30,
            "description": "Global Terraform state encryption key",
            "enable_key_rotation": false,
            "id": "5f7069d0-3066-44a6-ba3c-93d1830a5c68",
            "is_enabled": true,
            "key_id": "5f7069d0-3066-44a6-ba3c-93d1830a5c68",
            "key_usage": "ENCRYPT_DECRYPT",
            "policy": "{\"Id\":\"key-default-1\",\"Statement\":[{\"Action\":\"kms:*\",\"Effect\":\"Allow\",\"Principal\":{\"AWS\":\"arn:aws:iam::329054710135:root\"},\"Resource\":\"*\",\"Sid\":\"Enable IAM User Permissions\"}],\"Version\":\"2012-10-17\"}",
            "tags": {
              "Origin": "Terraform"
            }
          },
          "private": "bnVsbA=="
        }
      ]
    },
    {
      "module": "module.backend",
      "mode": "managed",
      "type": "aws_s3_bucket",
      "name": "terraform_state",
      "each": "list",
      "provider": "module.backend.provider.aws",
      "instances": []
    },
    {
      "module": "module.backend",
      "mode": "managed",
      "type": "aws_s3_bucket_policy",
      "name": "terraform_state",
      "each": "list",
      "provider": "module.backend.provider.aws",
      "instances": []
    }
  ]
}
